
Microsoft Visual Studio Solution File, Format Version 12.00
# Visual Studio Version 17
VisualStudioVersion = 17.8.34330.188
MinimumVisualStudioVersion = 10.0.40219.1
Project("{FAE04EC0-301F-11D3-BF4B-00C04F79EFBC}") = "Symulator_CL", "Symulator_CL.csproj", "{4A4BCCA3-5893-4E74-A1DE-61F8253A8BE0}"
EndProject
Global
	GlobalSection(SolutionConfigurationPlatforms) = preSolution
		Debug|Any CPU = Debug|Any CPU
		Release|Any CPU = Release|Any CPU
	EndGlobalSection
	GlobalSection(ProjectConfigurationPlatforms) = postSolution
		{4A4BCCA3-5893-4E74-A1DE-61F8253A8BE0}.Debug|Any CPU.ActiveCfg = Debug|Any CPU
		{4A4BCCA3-5893-4E74-A1DE-61F8253A8BE0}.Debug|Any CPU.Build.0 = Debug|Any CPU
		{4A4BCCA3-5893-4E74-A1DE-61F8253A8BE0}.Release|Any CPU.ActiveCfg = Release|Any CPU
		{4A4BCCA3-5893-4E74-A1DE-61F8253A8BE0}.Release|Any CPU.Build.0 = Release|Any CPU
	EndGlobalSection
	GlobalSection(SolutionProperties) = preSolution
		HideSolutionNode = FALSE
	EndGlobalSection
	GlobalSection(ExtensibilityGlobals) = postSolution
		SolutionGuid = {18436A23-7A58-464B-8475-7F40F5DDF0C1}
	EndGlobalSection
EndGlobal
