
Microsoft Visual Studio Solution File, Format Version 12.00
# Visual Studio Version 17
VisualStudioVersion = 17.8.34330.188
MinimumVisualStudioVersion = 10.0.40219.1
Project("{9A19103F-16F7-4668-BE54-9A1E7A4F7556}") = "WpfSymulator", "WpfSymulator.csproj", "{791F1E55-4167-4BD2-82AA-0514591B16E0}"
EndProject
Project("{9A19103F-16F7-4668-BE54-9A1E7A4F7556}") = "Symulator_CL", "..\Symulator_CL\Symulator_CL.csproj", "{DA2BD9C1-7366-400B-AD93-3265F35AA99E}"
EndProject
Project("{FAE04EC0-301F-11D3-BF4B-00C04F79EFBC}") = "TestProject1", "..\TestProject1\TestProject1.csproj", "{11F82CAF-56BF-4488-8216-5E8C827BBB1E}"
EndProject
Global
	GlobalSection(SolutionConfigurationPlatforms) = preSolution
		Debug|Any CPU = Debug|Any CPU
		Release|Any CPU = Release|Any CPU
	EndGlobalSection
	GlobalSection(ProjectConfigurationPlatforms) = postSolution
		{791F1E55-4167-4BD2-82AA-0514591B16E0}.Debug|Any CPU.ActiveCfg = Debug|Any CPU
		{791F1E55-4167-4BD2-82AA-0514591B16E0}.Debug|Any CPU.Build.0 = Debug|Any CPU
		{791F1E55-4167-4BD2-82AA-0514591B16E0}.Release|Any CPU.ActiveCfg = Release|Any CPU
		{791F1E55-4167-4BD2-82AA-0514591B16E0}.Release|Any CPU.Build.0 = Release|Any CPU
		{DA2BD9C1-7366-400B-AD93-3265F35AA99E}.Debug|Any CPU.ActiveCfg = Debug|Any CPU
		{DA2BD9C1-7366-400B-AD93-3265F35AA99E}.Debug|Any CPU.Build.0 = Debug|Any CPU
		{DA2BD9C1-7366-400B-AD93-3265F35AA99E}.Release|Any CPU.ActiveCfg = Release|Any CPU
		{DA2BD9C1-7366-400B-AD93-3265F35AA99E}.Release|Any CPU.Build.0 = Release|Any CPU
		{11F82CAF-56BF-4488-8216-5E8C827BBB1E}.Debug|Any CPU.ActiveCfg = Debug|Any CPU
		{11F82CAF-56BF-4488-8216-5E8C827BBB1E}.Debug|Any CPU.Build.0 = Debug|Any CPU
		{11F82CAF-56BF-4488-8216-5E8C827BBB1E}.Release|Any CPU.ActiveCfg = Release|Any CPU
		{11F82CAF-56BF-4488-8216-5E8C827BBB1E}.Release|Any CPU.Build.0 = Release|Any CPU
	EndGlobalSection
	GlobalSection(SolutionProperties) = preSolution
		HideSolutionNode = FALSE
	EndGlobalSection
	GlobalSection(ExtensibilityGlobals) = postSolution
		SolutionGuid = {6B5E7600-4C9A-4E30-A126-E34A58F19B37}
	EndGlobalSection
EndGlobal
